
Microsoft Visual Studio Solution File, Format Version 12.00
# Visual Studio Version 16
VisualStudioVersion = 16.0.33927.289
MinimumVisualStudioVersion = 10.0.40219.1
Project("{2150E333-8FDC-42A3-9474-1A3956D46DE8}") = "Task0", "Task0", "{16B37BDC-35BE-4540-8EC4-B272CFAF88C6}"
EndProject
Project("{FAE04EC0-301F-11D3-BF4B-00C04F79EFBC}") = "Tyuiu.MikhailovNS.Sprint3.Task0.V4", "Tyuiu.MikhailovNS.Sprint3.Task0.V4\Tyuiu.MikhailovNS.Sprint3.Task0.V4.csproj", "{6D38FE9F-8C1C-4622-90CB-5E3AEBD2FF4B}"
EndProject
Project("{FAE04EC0-301F-11D3-BF4B-00C04F79EFBC}") = "Tyuiu.MikhailovNS.Sprint3.Task0.V4.Test", "Tyuiu.MikhailovNS.Sprint3.Task0.V4.Test\Tyuiu.MikhailovNS.Sprint3.Task0.V4.Test.csproj", "{C6C99D14-F621-47E6-9094-05AE6D7F92FD}"
EndProject
Project("{FAE04EC0-301F-11D3-BF4B-00C04F79EFBC}") = "Tyuiu.MikhailovNS.Sprint3.Task0.V4.Lib", "Tyuiu.MikhailovNS.Sprint3.Task0.V4.Lib\Tyuiu.MikhailovNS.Sprint3.Task0.V4.Lib.csproj", "{FA712D2E-3FC3-4FDB-A381-C3AED0717AC3}"
EndProject
Project("{2150E333-8FDC-42A3-9474-1A3956D46DE8}") = "Task1", "Task1", "{097EA216-B6B9-440F-8FFA-2DA28B11D8A7}"
EndProject
Project("{FAE04EC0-301F-11D3-BF4B-00C04F79EFBC}") = "Tyuiu.MikhailovNS.Sprint3.Task1.V6", "Tyuiu.MikhailovNS.Sprint3.Task1.V6\Tyuiu.MikhailovNS.Sprint3.Task1.V6.csproj", "{D78D28C3-5F9F-4B69-AF3A-262C11A8A62B}"
EndProject
Project("{FAE04EC0-301F-11D3-BF4B-00C04F79EFBC}") = "Tyuiu.MikhailovNS.Sprint3.Task1.V6.Test", "Tyuiu.MikhailovNS.Sprint3.Task1.V6.Test\Tyuiu.MikhailovNS.Sprint3.Task1.V6.Test.csproj", "{A4662447-9074-4E22-A781-D49ADF821AF4}"
EndProject
Project("{FAE04EC0-301F-11D3-BF4B-00C04F79EFBC}") = "Tyuiu.MikhailovNS.Sprint3.Task1.V6.Lib", "Tyuiu.MikhailovNS.Sprint3.Task1.V6.Lib\Tyuiu.MikhailovNS.Sprint3.Task1.V6.Lib.csproj", "{C646D69A-F83E-4B13-A240-FD42D49A7984}"
EndProject
Project("{2150E333-8FDC-42A3-9474-1A3956D46DE8}") = "Task2", "Task2", "{063D0E4C-8643-4A53-B2F5-946FDED9C2B9}"
EndProject
Project("{FAE04EC0-301F-11D3-BF4B-00C04F79EFBC}") = "Tyuiu.MikhailovNS.Sprint3.Task2.V30", "Tyuiu.MikhailovNS.Sprint3.Task2.V30\Tyuiu.MikhailovNS.Sprint3.Task2.V30.csproj", "{CF7E3461-B20F-4531-AA7C-AB6298F023D0}"
EndProject
Project("{FAE04EC0-301F-11D3-BF4B-00C04F79EFBC}") = "Tyuiu.MikhailovNS.Sprint3.Task2.V30.Lib", "Tyuiu.MikhailovNS.Sprint3.Task2.V30.Lib\Tyuiu.MikhailovNS.Sprint3.Task2.V30.Lib.csproj", "{C53B2AEB-F288-424E-8EC4-2CAA9AE53638}"
EndProject
Project("{FAE04EC0-301F-11D3-BF4B-00C04F79EFBC}") = "Tyuiu.MikhailovNS.Sprint3.Task2.V30.Test", "Tyuiu.MikhailovNS.Sprint3.Task2.V30.Test\Tyuiu.MikhailovNS.Sprint3.Task2.V30.Test.csproj", "{7067415E-2378-42C1-92D9-36B8F3D54AE8}"
EndProject
Project("{2150E333-8FDC-42A3-9474-1A3956D46DE8}") = "Task3", "Task3", "{CDD8515C-127E-48F0-B41B-01F14D08F73C}"
EndProject
Project("{FAE04EC0-301F-11D3-BF4B-00C04F79EFBC}") = "Tyuiu.MikhailovNS.Sprint3.Task3.V16", "Tyuiu.MikhailovNS.Sprint3.Task3.V16\Tyuiu.MikhailovNS.Sprint3.Task3.V16.csproj", "{927986EC-4D8A-455B-A40A-BF88AB0ECD19}"
EndProject
Project("{FAE04EC0-301F-11D3-BF4B-00C04F79EFBC}") = "Tyuiu.MikhailovNS.Sprint3.Task3.V16.Lib", "Tyuiu.MikhailovNS.Sprint3.Task3.V16.Lib\Tyuiu.MikhailovNS.Sprint3.Task3.V16.Lib.csproj", "{FB7C4E30-C94F-43A6-BBA0-C63A8F83EC6C}"
EndProject
Project("{FAE04EC0-301F-11D3-BF4B-00C04F79EFBC}") = "Tyuiu.MikhailovNS.Sprint3.Task3.V16.Test", "Tyuiu.MikhailovNS.Sprint3.Task3.V16.Test\Tyuiu.MikhailovNS.Sprint3.Task3.V16.Test.csproj", "{09E7FFB6-42D6-4B28-9F4F-921BF8FA2937}"
EndProject
Project("{2150E333-8FDC-42A3-9474-1A3956D46DE8}") = "Task4", "Task4", "{CFFA2E63-C6C0-491D-9FE2-F474148E6C19}"
EndProject
Project("{FAE04EC0-301F-11D3-BF4B-00C04F79EFBC}") = "Tyuiu.MikhailovNS.Sprint3.Task4.V23", "Tyuiu.MikhailovNS.Sprint3.Task4.V23\Tyuiu.MikhailovNS.Sprint3.Task4.V23.csproj", "{B6F3364A-4415-4184-962F-774F93CA7AF3}"
EndProject
Project("{FAE04EC0-301F-11D3-BF4B-00C04F79EFBC}") = "Tyuiu.MikhailovNS.Sprint3.Task4.V23.Test", "Tyuiu.MikhailovNS.Sprint3.Task4.V23.Test\Tyuiu.MikhailovNS.Sprint3.Task4.V23.Test.csproj", "{B895F8A7-129D-457B-8526-E157E146F6B9}"
EndProject
Project("{FAE04EC0-301F-11D3-BF4B-00C04F79EFBC}") = "Tyuiu.MikhailovNS.Sprint3.Task4.V23.Lib", "Tyuiu.MikhailovNS.Sprint3.Task4.V23.Lib\Tyuiu.MikhailovNS.Sprint3.Task4.V23.Lib.csproj", "{78DEAF7B-6D86-4496-802C-EF22105624B7}"
EndProject
Project("{2150E333-8FDC-42A3-9474-1A3956D46DE8}") = "Task5", "Task5", "{E801AA1B-5F6D-4E22-A9AF-C572E7AB4F38}"
EndProject
Project("{FAE04EC0-301F-11D3-BF4B-00C04F79EFBC}") = "Tyuiu.MikhailovNS.Sprint3.Task5.V20", "Tyuiu.MikhailovNS.Sprint3.Task5.V20\Tyuiu.MikhailovNS.Sprint3.Task5.V20.csproj", "{66C6B6B2-E161-4820-B83E-EC1BE2E0F00A}"
EndProject
Project("{FAE04EC0-301F-11D3-BF4B-00C04F79EFBC}") = "Tyuiu.MikhailovNS.Sprint3.Task5.V20.Test", "Tyuiu.MikhailovNS.Sprint3.Task5.V20.Test\Tyuiu.MikhailovNS.Sprint3.Task5.V20.Test.csproj", "{4F05BB06-9454-4B32-BA2D-BE09B9EDFE5E}"
EndProject
Project("{FAE04EC0-301F-11D3-BF4B-00C04F79EFBC}") = "Tyuiu.MikhailovNS.Sprint3.Task5.V20.Lib", "Tyuiu.MikhailovNS.Sprint3.Task5.V20.Lib\Tyuiu.MikhailovNS.Sprint3.Task5.V20.Lib.csproj", "{85BC2146-07E2-4FB9-BF64-E8B92047A4A4}"
EndProject
Global
	GlobalSection(SolutionConfigurationPlatforms) = preSolution
		Debug|Any CPU = Debug|Any CPU
		Release|Any CPU = Release|Any CPU
	EndGlobalSection
	GlobalSection(ProjectConfigurationPlatforms) = postSolution
		{6D38FE9F-8C1C-4622-90CB-5E3AEBD2FF4B}.Debug|Any CPU.ActiveCfg = Debug|Any CPU
		{6D38FE9F-8C1C-4622-90CB-5E3AEBD2FF4B}.Debug|Any CPU.Build.0 = Debug|Any CPU
		{6D38FE9F-8C1C-4622-90CB-5E3AEBD2FF4B}.Release|Any CPU.ActiveCfg = Release|Any CPU
		{6D38FE9F-8C1C-4622-90CB-5E3AEBD2FF4B}.Release|Any CPU.Build.0 = Release|Any CPU
		{C6C99D14-F621-47E6-9094-05AE6D7F92FD}.Debug|Any CPU.ActiveCfg = Debug|Any CPU
		{C6C99D14-F621-47E6-9094-05AE6D7F92FD}.Debug|Any CPU.Build.0 = Debug|Any CPU
		{C6C99D14-F621-47E6-9094-05AE6D7F92FD}.Release|Any CPU.ActiveCfg = Release|Any CPU
		{C6C99D14-F621-47E6-9094-05AE6D7F92FD}.Release|Any CPU.Build.0 = Release|Any CPU
		{FA712D2E-3FC3-4FDB-A381-C3AED0717AC3}.Debug|Any CPU.ActiveCfg = Debug|Any CPU
		{FA712D2E-3FC3-4FDB-A381-C3AED0717AC3}.Debug|Any CPU.Build.0 = Debug|Any CPU
		{FA712D2E-3FC3-4FDB-A381-C3AED0717AC3}.Release|Any CPU.ActiveCfg = Release|Any CPU
		{FA712D2E-3FC3-4FDB-A381-C3AED0717AC3}.Release|Any CPU.Build.0 = Release|Any CPU
		{D78D28C3-5F9F-4B69-AF3A-262C11A8A62B}.Debug|Any CPU.ActiveCfg = Debug|Any CPU
		{D78D28C3-5F9F-4B69-AF3A-262C11A8A62B}.Debug|Any CPU.Build.0 = Debug|Any CPU
		{D78D28C3-5F9F-4B69-AF3A-262C11A8A62B}.Release|Any CPU.ActiveCfg = Release|Any CPU
		{D78D28C3-5F9F-4B69-AF3A-262C11A8A62B}.Release|Any CPU.Build.0 = Release|Any CPU
		{A4662447-9074-4E22-A781-D49ADF821AF4}.Debug|Any CPU.ActiveCfg = Debug|Any CPU
		{A4662447-9074-4E22-A781-D49ADF821AF4}.Debug|Any CPU.Build.0 = Debug|Any CPU
		{A4662447-9074-4E22-A781-D49ADF821AF4}.Release|Any CPU.ActiveCfg = Release|Any CPU
		{A4662447-9074-4E22-A781-D49ADF821AF4}.Release|Any CPU.Build.0 = Release|Any CPU
		{C646D69A-F83E-4B13-A240-FD42D49A7984}.Debug|Any CPU.ActiveCfg = Debug|Any CPU
		{C646D69A-F83E-4B13-A240-FD42D49A7984}.Debug|Any CPU.Build.0 = Debug|Any CPU
		{C646D69A-F83E-4B13-A240-FD42D49A7984}.Release|Any CPU.ActiveCfg = Release|Any CPU
		{C646D69A-F83E-4B13-A240-FD42D49A7984}.Release|Any CPU.Build.0 = Release|Any CPU
		{CF7E3461-B20F-4531-AA7C-AB6298F023D0}.Debug|Any CPU.ActiveCfg = Debug|Any CPU
		{CF7E3461-B20F-4531-AA7C-AB6298F023D0}.Debug|Any CPU.Build.0 = Debug|Any CPU
		{CF7E3461-B20F-4531-AA7C-AB6298F023D0}.Release|Any CPU.ActiveCfg = Release|Any CPU
		{CF7E3461-B20F-4531-AA7C-AB6298F023D0}.Release|Any CPU.Build.0 = Release|Any CPU
		{C53B2AEB-F288-424E-8EC4-2CAA9AE53638}.Debug|Any CPU.ActiveCfg = Debug|Any CPU
		{C53B2AEB-F288-424E-8EC4-2CAA9AE53638}.Debug|Any CPU.Build.0 = Debug|Any CPU
		{C53B2AEB-F288-424E-8EC4-2CAA9AE53638}.Release|Any CPU.ActiveCfg = Release|Any CPU
		{C53B2AEB-F288-424E-8EC4-2CAA9AE53638}.Release|Any CPU.Build.0 = Release|Any CPU
		{7067415E-2378-42C1-92D9-36B8F3D54AE8}.Debug|Any CPU.ActiveCfg = Debug|Any CPU
		{7067415E-2378-42C1-92D9-36B8F3D54AE8}.Debug|Any CPU.Build.0 = Debug|Any CPU
		{7067415E-2378-42C1-92D9-36B8F3D54AE8}.Release|Any CPU.ActiveCfg = Release|Any CPU
		{7067415E-2378-42C1-92D9-36B8F3D54AE8}.Release|Any CPU.Build.0 = Release|Any CPU
		{927986EC-4D8A-455B-A40A-BF88AB0ECD19}.Debug|Any CPU.ActiveCfg = Debug|Any CPU
		{927986EC-4D8A-455B-A40A-BF88AB0ECD19}.Debug|Any CPU.Build.0 = Debug|Any CPU
		{927986EC-4D8A-455B-A40A-BF88AB0ECD19}.Release|Any CPU.ActiveCfg = Release|Any CPU
		{927986EC-4D8A-455B-A40A-BF88AB0ECD19}.Release|Any CPU.Build.0 = Release|Any CPU
		{FB7C4E30-C94F-43A6-BBA0-C63A8F83EC6C}.Debug|Any CPU.ActiveCfg = Debug|Any CPU
		{FB7C4E30-C94F-43A6-BBA0-C63A8F83EC6C}.Debug|Any CPU.Build.0 = Debug|Any CPU
		{FB7C4E30-C94F-43A6-BBA0-C63A8F83EC6C}.Release|Any CPU.ActiveCfg = Release|Any CPU
		{FB7C4E30-C94F-43A6-BBA0-C63A8F83EC6C}.Release|Any CPU.Build.0 = Release|Any CPU
		{09E7FFB6-42D6-4B28-9F4F-921BF8FA2937}.Debug|Any CPU.ActiveCfg = Debug|Any CPU
		{09E7FFB6-42D6-4B28-9F4F-921BF8FA2937}.Debug|Any CPU.Build.0 = Debug|Any CPU
		{09E7FFB6-42D6-4B28-9F4F-921BF8FA2937}.Release|Any CPU.ActiveCfg = Release|Any CPU
		{09E7FFB6-42D6-4B28-9F4F-921BF8FA2937}.Release|Any CPU.Build.0 = Release|Any CPU
		{B6F3364A-4415-4184-962F-774F93CA7AF3}.Debug|Any CPU.ActiveCfg = Debug|Any CPU
		{B6F3364A-4415-4184-962F-774F93CA7AF3}.Debug|Any CPU.Build.0 = Debug|Any CPU
		{B6F3364A-4415-4184-962F-774F93CA7AF3}.Release|Any CPU.ActiveCfg = Release|Any CPU
		{B6F3364A-4415-4184-962F-774F93CA7AF3}.Release|Any CPU.Build.0 = Release|Any CPU
		{B895F8A7-129D-457B-8526-E157E146F6B9}.Debug|Any CPU.ActiveCfg = Debug|Any CPU
		{B895F8A7-129D-457B-8526-E157E146F6B9}.Debug|Any CPU.Build.0 = Debug|Any CPU
		{B895F8A7-129D-457B-8526-E157E146F6B9}.Release|Any CPU.ActiveCfg = Release|Any CPU
		{B895F8A7-129D-457B-8526-E157E146F6B9}.Release|Any CPU.Build.0 = Release|Any CPU
		{78DEAF7B-6D86-4496-802C-EF22105624B7}.Debug|Any CPU.ActiveCfg = Debug|Any CPU
		{78DEAF7B-6D86-4496-802C-EF22105624B7}.Debug|Any CPU.Build.0 = Debug|Any CPU
		{78DEAF7B-6D86-4496-802C-EF22105624B7}.Release|Any CPU.ActiveCfg = Release|Any CPU
		{78DEAF7B-6D86-4496-802C-EF22105624B7}.Release|Any CPU.Build.0 = Release|Any CPU
		{66C6B6B2-E161-4820-B83E-EC1BE2E0F00A}.Debug|Any CPU.ActiveCfg = Debug|Any CPU
		{66C6B6B2-E161-4820-B83E-EC1BE2E0F00A}.Debug|Any CPU.Build.0 = Debug|Any CPU
		{66C6B6B2-E161-4820-B83E-EC1BE2E0F00A}.Release|Any CPU.ActiveCfg = Release|Any CPU
		{66C6B6B2-E161-4820-B83E-EC1BE2E0F00A}.Release|Any CPU.Build.0 = Release|Any CPU
		{4F05BB06-9454-4B32-BA2D-BE09B9EDFE5E}.Debug|Any CPU.ActiveCfg = Debug|Any CPU
		{4F05BB06-9454-4B32-BA2D-BE09B9EDFE5E}.Debug|Any CPU.Build.0 = Debug|Any CPU
		{4F05BB06-9454-4B32-BA2D-BE09B9EDFE5E}.Release|Any CPU.ActiveCfg = Release|Any CPU
		{4F05BB06-9454-4B32-BA2D-BE09B9EDFE5E}.Release|Any CPU.Build.0 = Release|Any CPU
		{85BC2146-07E2-4FB9-BF64-E8B92047A4A4}.Debug|Any CPU.ActiveCfg = Debug|Any CPU
		{85BC2146-07E2-4FB9-BF64-E8B92047A4A4}.Debug|Any CPU.Build.0 = Debug|Any CPU
		{85BC2146-07E2-4FB9-BF64-E8B92047A4A4}.Release|Any CPU.ActiveCfg = Release|Any CPU
		{85BC2146-07E2-4FB9-BF64-E8B92047A4A4}.Release|Any CPU.Build.0 = Release|Any CPU
	EndGlobalSection
	GlobalSection(SolutionProperties) = preSolution
		HideSolutionNode = FALSE
	EndGlobalSection
	GlobalSection(NestedProjects) = preSolution
		{6D38FE9F-8C1C-4622-90CB-5E3AEBD2FF4B} = {16B37BDC-35BE-4540-8EC4-B272CFAF88C6}
		{C6C99D14-F621-47E6-9094-05AE6D7F92FD} = {16B37BDC-35BE-4540-8EC4-B272CFAF88C6}
		{FA712D2E-3FC3-4FDB-A381-C3AED0717AC3} = {16B37BDC-35BE-4540-8EC4-B272CFAF88C6}
		{D78D28C3-5F9F-4B69-AF3A-262C11A8A62B} = {097EA216-B6B9-440F-8FFA-2DA28B11D8A7}
		{A4662447-9074-4E22-A781-D49ADF821AF4} = {097EA216-B6B9-440F-8FFA-2DA28B11D8A7}
		{C646D69A-F83E-4B13-A240-FD42D49A7984} = {097EA216-B6B9-440F-8FFA-2DA28B11D8A7}
		{CF7E3461-B20F-4531-AA7C-AB6298F023D0} = {063D0E4C-8643-4A53-B2F5-946FDED9C2B9}
		{C53B2AEB-F288-424E-8EC4-2CAA9AE53638} = {063D0E4C-8643-4A53-B2F5-946FDED9C2B9}
		{7067415E-2378-42C1-92D9-36B8F3D54AE8} = {063D0E4C-8643-4A53-B2F5-946FDED9C2B9}
		{927986EC-4D8A-455B-A40A-BF88AB0ECD19} = {CDD8515C-127E-48F0-B41B-01F14D08F73C}
		{FB7C4E30-C94F-43A6-BBA0-C63A8F83EC6C} = {CDD8515C-127E-48F0-B41B-01F14D08F73C}
		{09E7FFB6-42D6-4B28-9F4F-921BF8FA2937} = {CDD8515C-127E-48F0-B41B-01F14D08F73C}
		{B6F3364A-4415-4184-962F-774F93CA7AF3} = {CFFA2E63-C6C0-491D-9FE2-F474148E6C19}
		{B895F8A7-129D-457B-8526-E157E146F6B9} = {CFFA2E63-C6C0-491D-9FE2-F474148E6C19}
		{78DEAF7B-6D86-4496-802C-EF22105624B7} = {CFFA2E63-C6C0-491D-9FE2-F474148E6C19}
		{66C6B6B2-E161-4820-B83E-EC1BE2E0F00A} = {E801AA1B-5F6D-4E22-A9AF-C572E7AB4F38}
		{4F05BB06-9454-4B32-BA2D-BE09B9EDFE5E} = {E801AA1B-5F6D-4E22-A9AF-C572E7AB4F38}
		{85BC2146-07E2-4FB9-BF64-E8B92047A4A4} = {E801AA1B-5F6D-4E22-A9AF-C572E7AB4F38}
	EndGlobalSection
	GlobalSection(ExtensibilityGlobals) = postSolution
		SolutionGuid = {96534EC9-528F-4CB1-809D-945F6E8F7C6D}
	EndGlobalSection
EndGlobal
